// !$*UTF8*$!
{
	archiveVersion = 1;
	classes = {
	};
	objectVersion = 51;
	objects = {

/* Begin PBXBuildFile section */
		31108D04CBE99A531B16D72D /* Pods_FoodDeliveryTests.framework in Frameworks */ = {isa = PBXBuildFile; fileRef = AEC2660F96FD41E98415741C /* Pods_FoodDeliveryTests.framework */; };
		3F6A74F7257CBE9800C7DACA /* FoodDeliveryApp.swift in Sources */ = {isa = PBXBuildFile; fileRef = 3F6A74F6257CBE9800C7DACA /* FoodDeliveryApp.swift */; };
		3F6A74F9257CBE9800C7DACA /* ContentView.swift in Sources */ = {isa = PBXBuildFile; fileRef = 3F6A74F8257CBE9800C7DACA /* ContentView.swift */; };
		3F6A74FB257CBE9B00C7DACA /* Assets.xcassets in Resources */ = {isa = PBXBuildFile; fileRef = 3F6A74FA257CBE9B00C7DACA /* Assets.xcassets */; };
		3F6A74FE257CBE9B00C7DACA /* Preview Assets.xcassets in Resources */ = {isa = PBXBuildFile; fileRef = 3F6A74FD257CBE9B00C7DACA /* Preview Assets.xcassets */; };
		3F6A7509257CBE9B00C7DACA /* FoodDeliveryTests.swift in Sources */ = {isa = PBXBuildFile; fileRef = 3F6A7508257CBE9B00C7DACA /* FoodDeliveryTests.swift */; };
		3F6A7514257CBE9C00C7DACA /* FoodDeliveryUITests.swift in Sources */ = {isa = PBXBuildFile; fileRef = 3F6A7513257CBE9C00C7DACA /* FoodDeliveryUITests.swift */; };
		3F6A752E257CC11F00C7DACA /* README.md in Resources */ = {isa = PBXBuildFile; fileRef = 3F6A752D257CC11F00C7DACA /* README.md */; };
		46A5D9875B0B37260CF37C03 /* Pods_FoodDelivery_FoodDeliveryUITests.framework in Frameworks */ = {isa = PBXBuildFile; fileRef = 53E9EB017C3D8DD760AC7D80 /* Pods_FoodDelivery_FoodDeliveryUITests.framework */; };
		A5A6D309CFBFC8A924A5784F /* Pods_FoodDelivery.framework in Frameworks */ = {isa = PBXBuildFile; fileRef = 4A096C75E001540B14D9F556 /* Pods_FoodDelivery.framework */; };
/* End PBXBuildFile section */

/* Begin PBXContainerItemProxy section */
		3F6A7505257CBE9B00C7DACA /* PBXContainerItemProxy */ = {
			isa = PBXContainerItemProxy;
			containerPortal = 3F6A74EB257CBE9800C7DACA /* Project object */;
			proxyType = 1;
			remoteGlobalIDString = 3F6A74F2257CBE9800C7DACA;
			remoteInfo = FoodDelivery;
		};
		3F6A7510257CBE9C00C7DACA /* PBXContainerItemProxy */ = {
			isa = PBXContainerItemProxy;
			containerPortal = 3F6A74EB257CBE9800C7DACA /* Project object */;
			proxyType = 1;
			remoteGlobalIDString = 3F6A74F2257CBE9800C7DACA;
			remoteInfo = FoodDelivery;
		};
/* End PBXContainerItemProxy section */

/* Begin PBXFileReference section */
		3F6A74F3257CBE9800C7DACA /* FoodDelivery.app */ = {isa = PBXFileReference; explicitFileType = wrapper.application; includeInIndex = 0; path = FoodDelivery.app; sourceTree = BUILT_PRODUCTS_DIR; };
		3F6A74F6257CBE9800C7DACA /* FoodDeliveryApp.swift */ = {isa = PBXFileReference; lastKnownFileType = sourcecode.swift; path = FoodDeliveryApp.swift; sourceTree = "<group>"; };
		3F6A74F8257CBE9800C7DACA /* ContentView.swift */ = {isa = PBXFileReference; lastKnownFileType = sourcecode.swift; path = ContentView.swift; sourceTree = "<group>"; };
		3F6A74FA257CBE9B00C7DACA /* Assets.xcassets */ = {isa = PBXFileReference; lastKnownFileType = folder.assetcatalog; path = Assets.xcassets; sourceTree = "<group>"; };
		3F6A74FD257CBE9B00C7DACA /* Preview Assets.xcassets */ = {isa = PBXFileReference; lastKnownFileType = folder.assetcatalog; path = "Preview Assets.xcassets"; sourceTree = "<group>"; };
		3F6A74FF257CBE9B00C7DACA /* Info.plist */ = {isa = PBXFileReference; lastKnownFileType = text.plist.xml; path = Info.plist; sourceTree = "<group>"; };
		3F6A7504257CBE9B00C7DACA /* FoodDeliveryTests.xctest */ = {isa = PBXFileReference; explicitFileType = wrapper.cfbundle; includeInIndex = 0; path = FoodDeliveryTests.xctest; sourceTree = BUILT_PRODUCTS_DIR; };
		3F6A7508257CBE9B00C7DACA /* FoodDeliveryTests.swift */ = {isa = PBXFileReference; lastKnownFileType = sourcecode.swift; path = FoodDeliveryTests.swift; sourceTree = "<group>"; };
		3F6A750A257CBE9B00C7DACA /* Info.plist */ = {isa = PBXFileReference; lastKnownFileType = text.plist.xml; path = Info.plist; sourceTree = "<group>"; };
		3F6A750F257CBE9C00C7DACA /* FoodDeliveryUITests.xctest */ = {isa = PBXFileReference; explicitFileType = wrapper.cfbundle; includeInIndex = 0; path = FoodDeliveryUITests.xctest; sourceTree = BUILT_PRODUCTS_DIR; };
		3F6A7513257CBE9C00C7DACA /* FoodDeliveryUITests.swift */ = {isa = PBXFileReference; lastKnownFileType = sourcecode.swift; path = FoodDeliveryUITests.swift; sourceTree = "<group>"; };
		3F6A7515257CBE9C00C7DACA /* Info.plist */ = {isa = PBXFileReference; lastKnownFileType = text.plist.xml; path = Info.plist; sourceTree = "<group>"; };
		3F6A752D257CC11F00C7DACA /* README.md */ = {isa = PBXFileReference; fileEncoding = 4; lastKnownFileType = net.daringfireball.markdown; path = README.md; sourceTree = "<group>"; };
		4A096C75E001540B14D9F556 /* Pods_FoodDelivery.framework */ = {isa = PBXFileReference; explicitFileType = wrapper.framework; includeInIndex = 0; path = Pods_FoodDelivery.framework; sourceTree = BUILT_PRODUCTS_DIR; };
		528D72E19EE112E4E704F7D9 /* Pods-FoodDeliveryTests.release.xcconfig */ = {isa = PBXFileReference; includeInIndex = 1; lastKnownFileType = text.xcconfig; name = "Pods-FoodDeliveryTests.release.xcconfig"; path = "Target Support Files/Pods-FoodDeliveryTests/Pods-FoodDeliveryTests.release.xcconfig"; sourceTree = "<group>"; };
		52A99E7C2772193FB4D401E1 /* Pods-FoodDelivery-FoodDeliveryUITests.debug.xcconfig */ = {isa = PBXFileReference; includeInIndex = 1; lastKnownFileType = text.xcconfig; name = "Pods-FoodDelivery-FoodDeliveryUITests.debug.xcconfig"; path = "Target Support Files/Pods-FoodDelivery-FoodDeliveryUITests/Pods-FoodDelivery-FoodDeliveryUITests.debug.xcconfig"; sourceTree = "<group>"; };
		53E9EB017C3D8DD760AC7D80 /* Pods_FoodDelivery_FoodDeliveryUITests.framework */ = {isa = PBXFileReference; explicitFileType = wrapper.framework; includeInIndex = 0; path = Pods_FoodDelivery_FoodDeliveryUITests.framework; sourceTree = BUILT_PRODUCTS_DIR; };
		665B7359BA5A9D0E72BDB7F1 /* Pods-FoodDelivery-FoodDeliveryUITests.release.xcconfig */ = {isa = PBXFileReference; includeInIndex = 1; lastKnownFileType = text.xcconfig; name = "Pods-FoodDelivery-FoodDeliveryUITests.release.xcconfig"; path = "Target Support Files/Pods-FoodDelivery-FoodDeliveryUITests/Pods-FoodDelivery-FoodDeliveryUITests.release.xcconfig"; sourceTree = "<group>"; };
		999DF189B6ADACA5445A5860 /* Pods-FoodDelivery.release.xcconfig */ = {isa = PBXFileReference; includeInIndex = 1; lastKnownFileType = text.xcconfig; name = "Pods-FoodDelivery.release.xcconfig"; path = "Target Support Files/Pods-FoodDelivery/Pods-FoodDelivery.release.xcconfig"; sourceTree = "<group>"; };
		A11F8F2EFD4522FA12B5D5FB /* Pods-FoodDeliveryTests.debug.xcconfig */ = {isa = PBXFileReference; includeInIndex = 1; lastKnownFileType = text.xcconfig; name = "Pods-FoodDeliveryTests.debug.xcconfig"; path = "Target Support Files/Pods-FoodDeliveryTests/Pods-FoodDeliveryTests.debug.xcconfig"; sourceTree = "<group>"; };
		A2AEE49DB8A3E227E5EB9F1C /* Pods-FoodDelivery.debug.xcconfig */ = {isa = PBXFileReference; includeInIndex = 1; lastKnownFileType = text.xcconfig; name = "Pods-FoodDelivery.debug.xcconfig"; path = "Target Support Files/Pods-FoodDelivery/Pods-FoodDelivery.debug.xcconfig"; sourceTree = "<group>"; };
		AEC2660F96FD41E98415741C /* Pods_FoodDeliveryTests.framework */ = {isa = PBXFileReference; explicitFileType = wrapper.framework; includeInIndex = 0; path = Pods_FoodDeliveryTests.framework; sourceTree = BUILT_PRODUCTS_DIR; };
/* End PBXFileReference section */

/* Begin PBXFrameworksBuildPhase section */
		3F6A74F0257CBE9800C7DACA /* Frameworks */ = {
			isa = PBXFrameworksBuildPhase;
			buildActionMask = 2147483647;
			files = (
				A5A6D309CFBFC8A924A5784F /* Pods_FoodDelivery.framework in Frameworks */,
			);
			runOnlyForDeploymentPostprocessing = 0;
		};
		3F6A7501257CBE9B00C7DACA /* Frameworks */ = {
			isa = PBXFrameworksBuildPhase;
			buildActionMask = 2147483647;
			files = (
				31108D04CBE99A531B16D72D /* Pods_FoodDeliveryTests.framework in Frameworks */,
			);
			runOnlyForDeploymentPostprocessing = 0;
		};
		3F6A750C257CBE9C00C7DACA /* Frameworks */ = {
			isa = PBXFrameworksBuildPhase;
			buildActionMask = 2147483647;
			files = (
				46A5D9875B0B37260CF37C03 /* Pods_FoodDelivery_FoodDeliveryUITests.framework in Frameworks */,
			);
			runOnlyForDeploymentPostprocessing = 0;
		};
/* End PBXFrameworksBuildPhase section */

/* Begin PBXGroup section */
		3F6A74EA257CBE9800C7DACA = {
			isa = PBXGroup;
			children = (
				3F6A752D257CC11F00C7DACA /* README.md */,
				3F6A74F5257CBE9800C7DACA /* FoodDelivery */,
				3F6A7507257CBE9B00C7DACA /* FoodDeliveryTests */,
				3F6A7512257CBE9C00C7DACA /* FoodDeliveryUITests */,
				3F6A74F4257CBE9800C7DACA /* Products */,
				60658D6827061A333648C46F /* Pods */,
				513867C90A0160DBEF518BAB /* Frameworks */,
			);
			sourceTree = "<group>";
		};
		3F6A74F4257CBE9800C7DACA /* Products */ = {
			isa = PBXGroup;
			children = (
				3F6A74F3257CBE9800C7DACA /* FoodDelivery.app */,
				3F6A7504257CBE9B00C7DACA /* FoodDeliveryTests.xctest */,
				3F6A750F257CBE9C00C7DACA /* FoodDeliveryUITests.xctest */,
			);
			name = Products;
			sourceTree = "<group>";
		};
		3F6A74F5257CBE9800C7DACA /* FoodDelivery */ = {
			isa = PBXGroup;
			children = (
				3F6A74F6257CBE9800C7DACA /* FoodDeliveryApp.swift */,
				3F6A74F8257CBE9800C7DACA /* ContentView.swift */,
				3F6A74FA257CBE9B00C7DACA /* Assets.xcassets */,
				3F6A74FF257CBE9B00C7DACA /* Info.plist */,
				3F6A74FC257CBE9B00C7DACA /* Preview Content */,
			);
			path = FoodDelivery;
			sourceTree = "<group>";
		};
		3F6A74FC257CBE9B00C7DACA /* Preview Content */ = {
			isa = PBXGroup;
			children = (
				3F6A74FD257CBE9B00C7DACA /* Preview Assets.xcassets */,
			);
			path = "Preview Content";
			sourceTree = "<group>";
		};
		3F6A7507257CBE9B00C7DACA /* FoodDeliveryTests */ = {
			isa = PBXGroup;
			children = (
				3F6A7508257CBE9B00C7DACA /* FoodDeliveryTests.swift */,
				3F6A750A257CBE9B00C7DACA /* Info.plist */,
			);
			path = FoodDeliveryTests;
			sourceTree = "<group>";
		};
		3F6A7512257CBE9C00C7DACA /* FoodDeliveryUITests */ = {
			isa = PBXGroup;
			children = (
				3F6A7513257CBE9C00C7DACA /* FoodDeliveryUITests.swift */,
				3F6A7515257CBE9C00C7DACA /* Info.plist */,
			);
			path = FoodDeliveryUITests;
			sourceTree = "<group>";
		};
		513867C90A0160DBEF518BAB /* Frameworks */ = {
			isa = PBXGroup;
			children = (
				4A096C75E001540B14D9F556 /* Pods_FoodDelivery.framework */,
				53E9EB017C3D8DD760AC7D80 /* Pods_FoodDelivery_FoodDeliveryUITests.framework */,
				AEC2660F96FD41E98415741C /* Pods_FoodDeliveryTests.framework */,
			);
			name = Frameworks;
			sourceTree = "<group>";
		};
		60658D6827061A333648C46F /* Pods */ = {
			isa = PBXGroup;
			children = (
				A2AEE49DB8A3E227E5EB9F1C /* Pods-FoodDelivery.debug.xcconfig */,
				999DF189B6ADACA5445A5860 /* Pods-FoodDelivery.release.xcconfig */,
				52A99E7C2772193FB4D401E1 /* Pods-FoodDelivery-FoodDeliveryUITests.debug.xcconfig */,
				665B7359BA5A9D0E72BDB7F1 /* Pods-FoodDelivery-FoodDeliveryUITests.release.xcconfig */,
				A11F8F2EFD4522FA12B5D5FB /* Pods-FoodDeliveryTests.debug.xcconfig */,
				528D72E19EE112E4E704F7D9 /* Pods-FoodDeliveryTests.release.xcconfig */,
			);
			path = Pods;
			sourceTree = "<group>";
		};
/* End PBXGroup section */

/* Begin PBXNativeTarget section */
		3F6A74F2257CBE9800C7DACA /* FoodDelivery */ = {
			isa = PBXNativeTarget;
			buildConfigurationList = 3F6A7518257CBE9C00C7DACA /* Build configuration list for PBXNativeTarget "FoodDelivery" */;
			buildPhases = (
				22D19820579183B03FF2A73D /* [CP] Check Pods Manifest.lock */,
				3F6A74EF257CBE9800C7DACA /* Sources */,
				3F6A74F0257CBE9800C7DACA /* Frameworks */,
				3F6A74F1257CBE9800C7DACA /* Resources */,
				2561EF820EECD1D64449A14B /* [CP] Embed Pods Frameworks */,
			);
			buildRules = (
			);
			dependencies = (
			);
			name = FoodDelivery;
			productName = FoodDelivery;
			productReference = 3F6A74F3257CBE9800C7DACA /* FoodDelivery.app */;
			productType = "com.apple.product-type.application";
		};
		3F6A7503257CBE9B00C7DACA /* FoodDeliveryTests */ = {
			isa = PBXNativeTarget;
			buildConfigurationList = 3F6A751B257CBE9C00C7DACA /* Build configuration list for PBXNativeTarget "FoodDeliveryTests" */;
			buildPhases = (
				B97761B0C91736E7443885C2 /* [CP] Check Pods Manifest.lock */,
				3F6A7500257CBE9B00C7DACA /* Sources */,
				3F6A7501257CBE9B00C7DACA /* Frameworks */,
				3F6A7502257CBE9B00C7DACA /* Resources */,
			);
			buildRules = (
			);
			dependencies = (
				3F6A7506257CBE9B00C7DACA /* PBXTargetDependency */,
			);
			name = FoodDeliveryTests;
			productName = FoodDeliveryTests;
			productReference = 3F6A7504257CBE9B00C7DACA /* FoodDeliveryTests.xctest */;
			productType = "com.apple.product-type.bundle.unit-test";
		};
		3F6A750E257CBE9C00C7DACA /* FoodDeliveryUITests */ = {
			isa = PBXNativeTarget;
			buildConfigurationList = 3F6A751E257CBE9C00C7DACA /* Build configuration list for PBXNativeTarget "FoodDeliveryUITests" */;
			buildPhases = (
				D1F6C9A08DA849B8EAA2FCFC /* [CP] Check Pods Manifest.lock */,
				3F6A750B257CBE9C00C7DACA /* Sources */,
				3F6A750C257CBE9C00C7DACA /* Frameworks */,
				3F6A750D257CBE9C00C7DACA /* Resources */,
				7EE27817A4E980E1E458CC9A /* [CP] Embed Pods Frameworks */,
			);
			buildRules = (
			);
			dependencies = (
				3F6A7511257CBE9C00C7DACA /* PBXTargetDependency */,
			);
			name = FoodDeliveryUITests;
			productName = FoodDeliveryUITests;
			productReference = 3F6A750F257CBE9C00C7DACA /* FoodDeliveryUITests.xctest */;
			productType = "com.apple.product-type.bundle.ui-testing";
		};
/* End PBXNativeTarget section */

/* Begin PBXProject section */
		3F6A74EB257CBE9800C7DACA /* Project object */ = {
			isa = PBXProject;
			attributes = {
				LastSwiftUpdateCheck = 1220;
				LastUpgradeCheck = 1220;
				TargetAttributes = {
					3F6A74F2257CBE9800C7DACA = {
						CreatedOnToolsVersion = 12.2;
					};
					3F6A7503257CBE9B00C7DACA = {
						CreatedOnToolsVersion = 12.2;
						TestTargetID = 3F6A74F2257CBE9800C7DACA;
					};
					3F6A750E257CBE9C00C7DACA = {
						CreatedOnToolsVersion = 12.2;
						TestTargetID = 3F6A74F2257CBE9800C7DACA;
					};
				};
			};
			buildConfigurationList = 3F6A74EE257CBE9800C7DACA /* Build configuration list for PBXProject "FoodDelivery" */;
			compatibilityVersion = "Xcode 9.3";
			developmentRegion = en;
			hasScannedForEncodings = 0;
			knownRegions = (
				en,
				Base,
			);
			mainGroup = 3F6A74EA257CBE9800C7DACA;
			productRefGroup = 3F6A74F4257CBE9800C7DACA /* Products */;
			projectDirPath = "";
			projectRoot = "";
			targets = (
				3F6A74F2257CBE9800C7DACA /* FoodDelivery */,
				3F6A7503257CBE9B00C7DACA /* FoodDeliveryTests */,
				3F6A750E257CBE9C00C7DACA /* FoodDeliveryUITests */,
			);
		};
/* End PBXProject section */

/* Begin PBXResourcesBuildPhase section */
		3F6A74F1257CBE9800C7DACA /* Resources */ = {
			isa = PBXResourcesBuildPhase;
			buildActionMask = 2147483647;
			files = (
				3F6A752E257CC11F00C7DACA /* README.md in Resources */,
				3F6A74FE257CBE9B00C7DACA /* Preview Assets.xcassets in Resources */,
				3F6A74FB257CBE9B00C7DACA /* Assets.xcassets in Resources */,
			);
			runOnlyForDeploymentPostprocessing = 0;
		};
		3F6A7502257CBE9B00C7DACA /* Resources */ = {
			isa = PBXResourcesBuildPhase;
			buildActionMask = 2147483647;
			files = (
			);
			runOnlyForDeploymentPostprocessing = 0;
		};
		3F6A750D257CBE9C00C7DACA /* Resources */ = {
			isa = PBXResourcesBuildPhase;
			buildActionMask = 2147483647;
			files = (
			);
			runOnlyForDeploymentPostprocessing = 0;
		};
/* End PBXResourcesBuildPhase section */

/* Begin PBXShellScriptBuildPhase section */
		22D19820579183B03FF2A73D /* [CP] Check Pods Manifest.lock */ = {
			isa = PBXShellScriptBuildPhase;
			buildActionMask = 2147483647;
			files = (
			);
			inputFileListPaths = (
			);
			inputPaths = (
				"${PODS_PODFILE_DIR_PATH}/Podfile.lock",
				"${PODS_ROOT}/Manifest.lock",
			);
			name = "[CP] Check Pods Manifest.lock";
			outputFileListPaths = (
			);
			outputPaths = (
				"$(DERIVED_FILE_DIR)/Pods-FoodDelivery-checkManifestLockResult.txt",
			);
			runOnlyForDeploymentPostprocessing = 0;
			shellPath = /bin/sh;
			shellScript = "diff \"${PODS_PODFILE_DIR_PATH}/Podfile.lock\" \"${PODS_ROOT}/Manifest.lock\" > /dev/null\nif [ $? != 0 ] ; then\n    # print error to STDERR\n    echo \"error: The sandbox is not in sync with the Podfile.lock. Run 'pod install' or update your CocoaPods installation.\" >&2\n    exit 1\nfi\n# This output is used by Xcode 'outputs' to avoid re-running this script phase.\necho \"SUCCESS\" > \"${SCRIPT_OUTPUT_FILE_0}\"\n";
			showEnvVarsInLog = 0;
		};
		2561EF820EECD1D64449A14B /* [CP] Embed Pods Frameworks */ = {
			isa = PBXShellScriptBuildPhase;
			buildActionMask = 2147483647;
			files = (
			);
			inputFileListPaths = (
				"${PODS_ROOT}/Target Support Files/Pods-FoodDelivery/Pods-FoodDelivery-frameworks-${CONFIGURATION}-input-files.xcfilelist",
			);
			name = "[CP] Embed Pods Frameworks";
			outputFileListPaths = (
				"${PODS_ROOT}/Target Support Files/Pods-FoodDelivery/Pods-FoodDelivery-frameworks-${CONFIGURATION}-output-files.xcfilelist",
			);
			runOnlyForDeploymentPostprocessing = 0;
			shellPath = /bin/sh;
			shellScript = "\"${PODS_ROOT}/Target Support Files/Pods-FoodDelivery/Pods-FoodDelivery-frameworks.sh\"\n";
			showEnvVarsInLog = 0;
		};
		7EE27817A4E980E1E458CC9A /* [CP] Embed Pods Frameworks */ = {
			isa = PBXShellScriptBuildPhase;
			buildActionMask = 2147483647;
			files = (
			);
			inputFileListPaths = (
				"${PODS_ROOT}/Target Support Files/Pods-FoodDelivery-FoodDeliveryUITests/Pods-FoodDelivery-FoodDeliveryUITests-frameworks-${CONFIGURATION}-input-files.xcfilelist",
			);
			name = "[CP] Embed Pods Frameworks";
			outputFileListPaths = (
				"${PODS_ROOT}/Target Support Files/Pods-FoodDelivery-FoodDeliveryUITests/Pods-FoodDelivery-FoodDeliveryUITests-frameworks-${CONFIGURATION}-output-files.xcfilelist",
			);
			runOnlyForDeploymentPostprocessing = 0;
			shellPath = /bin/sh;
			shellScript = "\"${PODS_ROOT}/Target Support Files/Pods-FoodDelivery-FoodDeliveryUITests/Pods-FoodDelivery-FoodDeliveryUITests-frameworks.sh\"\n";
			showEnvVarsInLog = 0;
		};
		B97761B0C91736E7443885C2 /* [CP] Check Pods Manifest.lock */ = {
			isa = PBXShellScriptBuildPhase;
			buildActionMask = 2147483647;
			files = (
			);
			inputFileListPaths = (
			);
			inputPaths = (
				"${PODS_PODFILE_DIR_PATH}/Podfile.lock",
				"${PODS_ROOT}/Manifest.lock",
			);
			name = "[CP] Check Pods Manifest.lock";
			outputFileListPaths = (
			);
			outputPaths = (
				"$(DERIVED_FILE_DIR)/Pods-FoodDeliveryTests-checkManifestLockResult.txt",
			);
			runOnlyForDeploymentPostprocessing = 0;
			shellPath = /bin/sh;
			shellScript = "diff \"${PODS_PODFILE_DIR_PATH}/Podfile.lock\" \"${PODS_ROOT}/Manifest.lock\" > /dev/null\nif [ $? != 0 ] ; then\n    # print error to STDERR\n    echo \"error: The sandbox is not in sync with the Podfile.lock. Run 'pod install' or update your CocoaPods installation.\" >&2\n    exit 1\nfi\n# This output is used by Xcode 'outputs' to avoid re-running this script phase.\necho \"SUCCESS\" > \"${SCRIPT_OUTPUT_FILE_0}\"\n";
			showEnvVarsInLog = 0;
		};
		D1F6C9A08DA849B8EAA2FCFC /* [CP] Check Pods Manifest.lock */ = {
			isa = PBXShellScriptBuildPhase;
			buildActionMask = 2147483647;
			files = (
			);
			inputFileListPaths = (
			);
			inputPaths = (
				"${PODS_PODFILE_DIR_PATH}/Podfile.lock",
				"${PODS_ROOT}/Manifest.lock",
			);
			name = "[CP] Check Pods Manifest.lock";
			outputFileListPaths = (
			);
			outputPaths = (
				"$(DERIVED_FILE_DIR)/Pods-FoodDelivery-FoodDeliveryUITests-checkManifestLockResult.txt",
			);
			runOnlyForDeploymentPostprocessing = 0;
			shellPath = /bin/sh;
			shellScript = "diff \"${PODS_PODFILE_DIR_PATH}/Podfile.lock\" \"${PODS_ROOT}/Manifest.lock\" > /dev/null\nif [ $? != 0 ] ; then\n    # print error to STDERR\n    echo \"error: The sandbox is not in sync with the Podfile.lock. Run 'pod install' or update your CocoaPods installation.\" >&2\n    exit 1\nfi\n# This output is used by Xcode 'outputs' to avoid re-running this script phase.\necho \"SUCCESS\" > \"${SCRIPT_OUTPUT_FILE_0}\"\n";
			showEnvVarsInLog = 0;
		};
/* End PBXShellScriptBuildPhase section */

/* Begin PBXSourcesBuildPhase section */
		3F6A74EF257CBE9800C7DACA /* Sources */ = {
			isa = PBXSourcesBuildPhase;
			buildActionMask = 2147483647;
			files = (
				3F6A74F9257CBE9800C7DACA /* ContentView.swift in Sources */,
				3F6A74F7257CBE9800C7DACA /* FoodDeliveryApp.swift in Sources */,
			);
			runOnlyForDeploymentPostprocessing = 0;
		};
		3F6A7500257CBE9B00C7DACA /* Sources */ = {
			isa = PBXSourcesBuildPhase;
			buildActionMask = 2147483647;
			files = (
				3F6A7509257CBE9B00C7DACA /* FoodDeliveryTests.swift in Sources */,
			);
			runOnlyForDeploymentPostprocessing = 0;
		};
		3F6A750B257CBE9C00C7DACA /* Sources */ = {
			isa = PBXSourcesBuildPhase;
			buildActionMask = 2147483647;
			files = (
				3F6A7514257CBE9C00C7DACA /* FoodDeliveryUITests.swift in Sources */,
			);
			runOnlyForDeploymentPostprocessing = 0;
		};
/* End PBXSourcesBuildPhase section */

/* Begin PBXTargetDependency section */
		3F6A7506257CBE9B00C7DACA /* PBXTargetDependency */ = {
			isa = PBXTargetDependency;
			target = 3F6A74F2257CBE9800C7DACA /* FoodDelivery */;
			targetProxy = 3F6A7505257CBE9B00C7DACA /* PBXContainerItemProxy */;
		};
		3F6A7511257CBE9C00C7DACA /* PBXTargetDependency */ = {
			isa = PBXTargetDependency;
			target = 3F6A74F2257CBE9800C7DACA /* FoodDelivery */;
			targetProxy = 3F6A7510257CBE9C00C7DACA /* PBXContainerItemProxy */;
		};
/* End PBXTargetDependency section */

/* Begin XCBuildConfiguration section */
		3F6A7516257CBE9C00C7DACA /* Debug */ = {
			isa = XCBuildConfiguration;
			buildSettings = {
				ALWAYS_SEARCH_USER_PATHS = NO;
				CLANG_ANALYZER_NONNULL = YES;
				CLANG_ANALYZER_NUMBER_OBJECT_CONVERSION = YES_AGGRESSIVE;
				CLANG_CXX_LANGUAGE_STANDARD = "gnu++14";
				CLANG_CXX_LIBRARY = "libc++";
				CLANG_ENABLE_MODULES = YES;
				CLANG_ENABLE_OBJC_ARC = YES;
				CLANG_ENABLE_OBJC_WEAK = YES;
				CLANG_WARN_BLOCK_CAPTURE_AUTORELEASING = YES;
				CLANG_WARN_BOOL_CONVERSION = YES;
				CLANG_WARN_COMMA = YES;
				CLANG_WARN_CONSTANT_CONVERSION = YES;
				CLANG_WARN_DEPRECATED_OBJC_IMPLEMENTATIONS = YES;
				CLANG_WARN_DIRECT_OBJC_ISA_USAGE = YES_ERROR;
				CLANG_WARN_DOCUMENTATION_COMMENTS = YES;
				CLANG_WARN_EMPTY_BODY = YES;
				CLANG_WARN_ENUM_CONVERSION = YES;
				CLANG_WARN_INFINITE_RECURSION = YES;
				CLANG_WARN_INT_CONVERSION = YES;
				CLANG_WARN_NON_LITERAL_NULL_CONVERSION = YES;
				CLANG_WARN_OBJC_IMPLICIT_RETAIN_SELF = YES;
				CLANG_WARN_OBJC_LITERAL_CONVERSION = YES;
				CLANG_WARN_OBJC_ROOT_CLASS = YES_ERROR;
				CLANG_WARN_QUOTED_INCLUDE_IN_FRAMEWORK_HEADER = YES;
				CLANG_WARN_RANGE_LOOP_ANALYSIS = YES;
				CLANG_WARN_STRICT_PROTOTYPES = YES;
				CLANG_WARN_SUSPICIOUS_MOVE = YES;
				CLANG_WARN_UNGUARDED_AVAILABILITY = YES_AGGRESSIVE;
				CLANG_WARN_UNREACHABLE_CODE = YES;
				CLANG_WARN__DUPLICATE_METHOD_MATCH = YES;
				COPY_PHASE_STRIP = NO;
				DEBUG_INFORMATION_FORMAT = dwarf;
				ENABLE_STRICT_OBJC_MSGSEND = YES;
				ENABLE_TESTABILITY = YES;
				GCC_C_LANGUAGE_STANDARD = gnu11;
				GCC_DYNAMIC_NO_PIC = NO;
				GCC_NO_COMMON_BLOCKS = YES;
				GCC_OPTIMIZATION_LEVEL = 0;
				GCC_PREPROCESSOR_DEFINITIONS = (
					"DEBUG=1",
					"$(inherited)",
				);
				GCC_WARN_64_TO_32_BIT_CONVERSION = YES;
				GCC_WARN_ABOUT_RETURN_TYPE = YES_ERROR;
				GCC_WARN_UNDECLARED_SELECTOR = YES;
				GCC_WARN_UNINITIALIZED_AUTOS = YES_AGGRESSIVE;
				GCC_WARN_UNUSED_FUNCTION = YES;
				GCC_WARN_UNUSED_VARIABLE = YES;
				IPHONEOS_DEPLOYMENT_TARGET = 14.2;
				MTL_ENABLE_DEBUG_INFO = INCLUDE_SOURCE;
				MTL_FAST_MATH = YES;
				ONLY_ACTIVE_ARCH = YES;
				SDKROOT = iphoneos;
				SWIFT_ACTIVE_COMPILATION_CONDITIONS = DEBUG;
				SWIFT_OPTIMIZATION_LEVEL = "-Onone";
			};
			name = Debug;
		};
		3F6A7517257CBE9C00C7DACA /* Release */ = {
			isa = XCBuildConfiguration;
			buildSettings = {
				ALWAYS_SEARCH_USER_PATHS = NO;
				CLANG_ANALYZER_NONNULL = YES;
				CLANG_ANALYZER_NUMBER_OBJECT_CONVERSION = YES_AGGRESSIVE;
				CLANG_CXX_LANGUAGE_STANDARD = "gnu++14";
				CLANG_CXX_LIBRARY = "libc++";
				CLANG_ENABLE_MODULES = YES;
				CLANG_ENABLE_OBJC_ARC = YES;
				CLANG_ENABLE_OBJC_WEAK = YES;
				CLANG_WARN_BLOCK_CAPTURE_AUTORELEASING = YES;
				CLANG_WARN_BOOL_CONVERSION = YES;
				CLANG_WARN_COMMA = YES;
				CLANG_WARN_CONSTANT_CONVERSION = YES;
				CLANG_WARN_DEPRECATED_OBJC_IMPLEMENTATIONS = YES;
				CLANG_WARN_DIRECT_OBJC_ISA_USAGE = YES_ERROR;
				CLANG_WARN_DOCUMENTATION_COMMENTS = YES;
				CLANG_WARN_EMPTY_BODY = YES;
				CLANG_WARN_ENUM_CONVERSION = YES;
				CLANG_WARN_INFINITE_RECURSION = YES;
				CLANG_WARN_INT_CONVERSION = YES;
				CLANG_WARN_NON_LITERAL_NULL_CONVERSION = YES;
				CLANG_WARN_OBJC_IMPLICIT_RETAIN_SELF = YES;
				CLANG_WARN_OBJC_LITERAL_CONVERSION = YES;
				CLANG_WARN_OBJC_ROOT_CLASS = YES_ERROR;
				CLANG_WARN_QUOTED_INCLUDE_IN_FRAMEWORK_HEADER = YES;
				CLANG_WARN_RANGE_LOOP_ANALYSIS = YES;
				CLANG_WARN_STRICT_PROTOTYPES = YES;
				CLANG_WARN_SUSPICIOUS_MOVE = YES;
				CLANG_WARN_UNGUARDED_AVAILABILITY = YES_AGGRESSIVE;
				CLANG_WARN_UNREACHABLE_CODE = YES;
				CLANG_WARN__DUPLICATE_METHOD_MATCH = YES;
				COPY_PHASE_STRIP = NO;
				DEBUG_INFORMATION_FORMAT = "dwarf-with-dsym";
				ENABLE_NS_ASSERTIONS = NO;
				ENABLE_STRICT_OBJC_MSGSEND = YES;
				GCC_C_LANGUAGE_STANDARD = gnu11;
				GCC_NO_COMMON_BLOCKS = YES;
				GCC_WARN_64_TO_32_BIT_CONVERSION = YES;
				GCC_WARN_ABOUT_RETURN_TYPE = YES_ERROR;
				GCC_WARN_UNDECLARED_SELECTOR = YES;
				GCC_WARN_UNINITIALIZED_AUTOS = YES_AGGRESSIVE;
				GCC_WARN_UNUSED_FUNCTION = YES;
				GCC_WARN_UNUSED_VARIABLE = YES;
				IPHONEOS_DEPLOYMENT_TARGET = 14.2;
				MTL_ENABLE_DEBUG_INFO = NO;
				MTL_FAST_MATH = YES;
				SDKROOT = iphoneos;
				SWIFT_COMPILATION_MODE = wholemodule;
				SWIFT_OPTIMIZATION_LEVEL = "-O";
				VALIDATE_PRODUCT = YES;
			};
			name = Release;
		};
		3F6A7519257CBE9C00C7DACA /* Debug */ = {
			isa = XCBuildConfiguration;
			baseConfigurationReference = A2AEE49DB8A3E227E5EB9F1C /* Pods-FoodDelivery.debug.xcconfig */;
			buildSettings = {
				ASSETCATALOG_COMPILER_APPICON_NAME = AppIcon;
				ASSETCATALOG_COMPILER_GLOBAL_ACCENT_COLOR_NAME = AccentColor;
				CODE_SIGN_STYLE = Automatic;
				DEVELOPMENT_ASSET_PATHS = "\"FoodDelivery/Preview Content\"";
				DEVELOPMENT_TEAM = GL9NV36VH9;
				ENABLE_PREVIEWS = YES;
				INFOPLIST_FILE = FoodDelivery/Info.plist;
				IPHONEOS_DEPLOYMENT_TARGET = 14.0;
				LD_RUNPATH_SEARCH_PATHS = (
					"$(inherited)",
					"@executable_path/Frameworks",
				);
				PRODUCT_BUNDLE_IDENTIFIER = com.usenbekov.FoodDelivery;
				PRODUCT_NAME = "$(TARGET_NAME)";
				SWIFT_VERSION = 5.0;
				TARGETED_DEVICE_FAMILY = "1,2";
			};
			name = Debug;
		};
		3F6A751A257CBE9C00C7DACA /* Release */ = {
			isa = XCBuildConfiguration;
			baseConfigurationReference = 999DF189B6ADACA5445A5860 /* Pods-FoodDelivery.release.xcconfig */;
			buildSettings = {
				ASSETCATALOG_COMPILER_APPICON_NAME = AppIcon;
				ASSETCATALOG_COMPILER_GLOBAL_ACCENT_COLOR_NAME = AccentColor;
				CODE_SIGN_STYLE = Automatic;
				DEVELOPMENT_ASSET_PATHS = "\"FoodDelivery/Preview Content\"";
				DEVELOPMENT_TEAM = GL9NV36VH9;
				ENABLE_PREVIEWS = YES;
				INFOPLIST_FILE = FoodDelivery/Info.plist;
				IPHONEOS_DEPLOYMENT_TARGET = 14.0;
				LD_RUNPATH_SEARCH_PATHS = (
					"$(inherited)",
					"@executable_path/Frameworks",
				);
				PRODUCT_BUNDLE_IDENTIFIER = com.usenbekov.FoodDelivery;
				PRODUCT_NAME = "$(TARGET_NAME)";
				SWIFT_VERSION = 5.0;
				TARGETED_DEVICE_FAMILY = "1,2";
			};
			name = Release;
		};
		3F6A751C257CBE9C00C7DACA /* Debug */ = {
			isa = XCBuildConfiguration;
			baseConfigurationReference = A11F8F2EFD4522FA12B5D5FB /* Pods-FoodDeliveryTests.debug.xcconfig */;
			buildSettings = {
				ALWAYS_EMBED_SWIFT_STANDARD_LIBRARIES = YES;
				BUNDLE_LOADER = "$(TEST_HOST)";
				CODE_SIGN_STYLE = Automatic;
				DEVELOPMENT_TEAM = GL9NV36VH9;
				INFOPLIST_FILE = FoodDeliveryTests/Info.plist;
				IPHONEOS_DEPLOYMENT_TARGET = 14.0;
				LD_RUNPATH_SEARCH_PATHS = (
					"$(inherited)",
					"@executable_path/Frameworks",
					"@loader_path/Frameworks",
				);
				PRODUCT_BUNDLE_IDENTIFIER = com.usenbekov.FoodDeliveryTests;
				PRODUCT_NAME = "$(TARGET_NAME)";
				SWIFT_VERSION = 5.0;
				TARGETED_DEVICE_FAMILY = "1,2";
				TEST_HOST = "$(BUILT_PRODUCTS_DIR)/FoodDelivery.app/FoodDelivery";
			};
			name = Debug;
		};
		3F6A751D257CBE9C00C7DACA /* Release */ = {
			isa = XCBuildConfiguration;
			baseConfigurationReference = 528D72E19EE112E4E704F7D9 /* Pods-FoodDeliveryTests.release.xcconfig */;
			buildSettings = {
				ALWAYS_EMBED_SWIFT_STANDARD_LIBRARIES = YES;
				BUNDLE_LOADER = "$(TEST_HOST)";
				CODE_SIGN_STYLE = Automatic;
				DEVELOPMENT_TEAM = GL9NV36VH9;
				INFOPLIST_FILE = FoodDeliveryTests/Info.plist;
				IPHONEOS_DEPLOYMENT_TARGET = 14.0;
				LD_RUNPATH_SEARCH_PATHS = (
					"$(inherited)",
					"@executable_path/Frameworks",
					"@loader_path/Frameworks",
				);
				PRODUCT_BUNDLE_IDENTIFIER = com.usenbekov.FoodDeliveryTests;
				PRODUCT_NAME = "$(TARGET_NAME)";
				SWIFT_VERSION = 5.0;
				TARGETED_DEVICE_FAMILY = "1,2";
				TEST_HOST = "$(BUILT_PRODUCTS_DIR)/FoodDelivery.app/FoodDelivery";
			};
			name = Release;
		};
		3F6A751F257CBE9C00C7DACA /* Debug */ = {
			isa = XCBuildConfiguration;
			baseConfigurationReference = 52A99E7C2772193FB4D401E1 /* Pods-FoodDelivery-FoodDeliveryUITests.debug.xcconfig */;
			buildSettings = {
				ALWAYS_EMBED_SWIFT_STANDARD_LIBRARIES = YES;
				CODE_SIGN_STYLE = Automatic;
				DEVELOPMENT_TEAM = GL9NV36VH9;
				INFOPLIST_FILE = FoodDeliveryUITests/Info.plist;
				LD_RUNPATH_SEARCH_PATHS = (
					"$(inherited)",
					"@executable_path/Frameworks",
					"@loader_path/Frameworks",
				);
				PRODUCT_BUNDLE_IDENTIFIER = com.usenbekov.FoodDeliveryUITests;
				PRODUCT_NAME = "$(TARGET_NAME)";
				SWIFT_VERSION = 5.0;
				TARGETED_DEVICE_FAMILY = "1,2";
				TEST_TARGET_NAME = FoodDelivery;
			};
			name = Debug;
		};
		3F6A7520257CBE9C00C7DACA /* Release */ = {
			isa = XCBuildConfiguration;
			baseConfigurationReference = 665B7359BA5A9D0E72BDB7F1 /* Pods-FoodDelivery-FoodDeliveryUITests.release.xcconfig */;
			buildSettings = {
				ALWAYS_EMBED_SWIFT_STANDARD_LIBRARIES = YES;
				CODE_SIGN_STYLE = Automatic;
				DEVELOPMENT_TEAM = GL9NV36VH9;
				INFOPLIST_FILE = FoodDeliveryUITests/Info.plist;
				LD_RUNPATH_SEARCH_PATHS = (
					"$(inherited)",
					"@executable_path/Frameworks",
					"@loader_path/Frameworks",
				);
				PRODUCT_BUNDLE_IDENTIFIER = com.usenbekov.FoodDeliveryUITests;
				PRODUCT_NAME = "$(TARGET_NAME)";
				SWIFT_VERSION = 5.0;
				TARGETED_DEVICE_FAMILY = "1,2";
				TEST_TARGET_NAME = FoodDelivery;
			};
			name = Release;
		};
/* End XCBuildConfiguration section */

/* Begin XCConfigurationList section */
		3F6A74EE257CBE9800C7DACA /* Build configuration list for PBXProject "FoodDelivery" */ = {
			isa = XCConfigurationList;
			buildConfigurations = (
				3F6A7516257CBE9C00C7DACA /* Debug */,
				3F6A7517257CBE9C00C7DACA /* Release */,
			);
			defaultConfigurationIsVisible = 0;
			defaultConfigurationName = Release;
		};
		3F6A7518257CBE9C00C7DACA /* Build configuration list for PBXNativeTarget "FoodDelivery" */ = {
			isa = XCConfigurationList;
			buildConfigurations = (
				3F6A7519257CBE9C00C7DACA /* Debug */,
				3F6A751A257CBE9C00C7DACA /* Release */,
			);
			defaultConfigurationIsVisible = 0;
			defaultConfigurationName = Release;
		};
		3F6A751B257CBE9C00C7DACA /* Build configuration list for PBXNativeTarget "FoodDeliveryTests" */ = {
			isa = XCConfigurationList;
			buildConfigurations = (
				3F6A751C257CBE9C00C7DACA /* Debug */,
				3F6A751D257CBE9C00C7DACA /* Release */,
			);
			defaultConfigurationIsVisible = 0;
			defaultConfigurationName = Release;
		};
		3F6A751E257CBE9C00C7DACA /* Build configuration list for PBXNativeTarget "FoodDeliveryUITests" */ = {
			isa = XCConfigurationList;
			buildConfigurations = (
				3F6A751F257CBE9C00C7DACA /* Debug */,
				3F6A7520257CBE9C00C7DACA /* Release */,
			);
			defaultConfigurationIsVisible = 0;
			defaultConfigurationName = Release;
		};
/* End XCConfigurationList section */
	};
	rootObject = 3F6A74EB257CBE9800C7DACA /* Project object */;
}
